
Microsoft Visual Studio Solution File, Format Version 12.00
# Visual Studio Version 16
VisualStudioVersion = 16.0.28803.156
MinimumVisualStudioVersion = 10.0.40219.1
Project("{8BC9CEB8-8B4A-11D0-8D11-00A0C91BC942}") = "Game", "Game\Game.vcxproj", "{860DB6A4-84C7-431F-925D-C168730A73CF}"
EndProject
Project("{8BC9CEB8-8B4A-11D0-8D11-00A0C91BC942}") = "GRUT Engine", "GRUT Engine\GRUT Engine.vcxproj", "{51AF823C-FB77-414C-BB04-A8352FDBC22B}"
EndProject
Project("{8BC9CEB8-8B4A-11D0-8D11-00A0C91BC942}") = "GLFW", "vendor\GLFW\GLFW.vcxproj", "{29320DAB-3086-453E-BC72-3664625A1A9A}"
EndProject
Project("{8BC9CEB8-8B4A-11D0-8D11-00A0C91BC942}") = "GLAD", "vendor\GLAD\GLAD.vcxproj", "{226DABCD-5B28-4AB3-BA86-C8EDDC91517E}"
EndProject
Project("{8BC9CEB8-8B4A-11D0-8D11-00A0C91BC942}") = "GRUT Math", "GRUT Math\GRUT Math.vcxproj", "{0B01FF7F-25B3-4A7D-B143-463C256F7E51}"
EndProject
Project("{2150E333-8FDC-42A3-9474-1A3956D46DE8}") = "vendor", "vendor", "{F34BBF56-D821-4755-9865-3279BC97AEEF}"
EndProject
Project("{2150E333-8FDC-42A3-9474-1A3956D46DE8}") = "string-id", "string-id", "{3A968B97-6B3A-4600-BF15-E998E0A73BF9}"
	ProjectSection(SolutionItems) = preProject
		vendor\string-id\sid.h = vendor\string-id\sid.h
	EndProjectSection
EndProject
Project("{2150E333-8FDC-42A3-9474-1A3956D46DE8}") = "stb", "stb", "{B487BFB4-680C-4D9C-B343-506BBE7B2102}"
	ProjectSection(SolutionItems) = preProject
		vendor\stb\stb_image.h = vendor\stb\stb_image.h
	EndProjectSection
EndProject
Global
	GlobalSection(SolutionConfigurationPlatforms) = preSolution
		Debug|x64 = Debug|x64
		MinSizeRel|x64 = MinSizeRel|x64
		Release|x64 = Release|x64
		RelWithDebInfo|x64 = RelWithDebInfo|x64
	EndGlobalSection
	GlobalSection(ProjectConfigurationPlatforms) = postSolution
		{860DB6A4-84C7-431F-925D-C168730A73CF}.Debug|x64.ActiveCfg = Debug|x64
		{860DB6A4-84C7-431F-925D-C168730A73CF}.Debug|x64.Build.0 = Debug|x64
		{860DB6A4-84C7-431F-925D-C168730A73CF}.MinSizeRel|x64.ActiveCfg = Release|x64
		{860DB6A4-84C7-431F-925D-C168730A73CF}.MinSizeRel|x64.Build.0 = Release|x64
		{860DB6A4-84C7-431F-925D-C168730A73CF}.Release|x64.ActiveCfg = Release|x64
		{860DB6A4-84C7-431F-925D-C168730A73CF}.Release|x64.Build.0 = Release|x64
		{860DB6A4-84C7-431F-925D-C168730A73CF}.RelWithDebInfo|x64.ActiveCfg = Release|x64
		{860DB6A4-84C7-431F-925D-C168730A73CF}.RelWithDebInfo|x64.Build.0 = Release|x64
		{51AF823C-FB77-414C-BB04-A8352FDBC22B}.Debug|x64.ActiveCfg = Debug|x64
		{51AF823C-FB77-414C-BB04-A8352FDBC22B}.Debug|x64.Build.0 = Debug|x64
		{51AF823C-FB77-414C-BB04-A8352FDBC22B}.MinSizeRel|x64.ActiveCfg = Release|x64
		{51AF823C-FB77-414C-BB04-A8352FDBC22B}.MinSizeRel|x64.Build.0 = Release|x64
		{51AF823C-FB77-414C-BB04-A8352FDBC22B}.Release|x64.ActiveCfg = Release|x64
		{51AF823C-FB77-414C-BB04-A8352FDBC22B}.Release|x64.Build.0 = Release|x64
		{51AF823C-FB77-414C-BB04-A8352FDBC22B}.RelWithDebInfo|x64.ActiveCfg = Release|x64
		{51AF823C-FB77-414C-BB04-A8352FDBC22B}.RelWithDebInfo|x64.Build.0 = Release|x64
		{29320DAB-3086-453E-BC72-3664625A1A9A}.Debug|x64.ActiveCfg = Debug|x64
		{29320DAB-3086-453E-BC72-3664625A1A9A}.Debug|x64.Build.0 = Debug|x64
		{29320DAB-3086-453E-BC72-3664625A1A9A}.MinSizeRel|x64.ActiveCfg = Release|x64
		{29320DAB-3086-453E-BC72-3664625A1A9A}.MinSizeRel|x64.Build.0 = Release|x64
		{29320DAB-3086-453E-BC72-3664625A1A9A}.Release|x64.ActiveCfg = Release|x64
		{29320DAB-3086-453E-BC72-3664625A1A9A}.Release|x64.Build.0 = Release|x64
		{29320DAB-3086-453E-BC72-3664625A1A9A}.RelWithDebInfo|x64.ActiveCfg = Release|x64
		{29320DAB-3086-453E-BC72-3664625A1A9A}.RelWithDebInfo|x64.Build.0 = Release|x64
		{226DABCD-5B28-4AB3-BA86-C8EDDC91517E}.Debug|x64.ActiveCfg = Debug|x64
		{226DABCD-5B28-4AB3-BA86-C8EDDC91517E}.Debug|x64.Build.0 = Debug|x64
		{226DABCD-5B28-4AB3-BA86-C8EDDC91517E}.MinSizeRel|x64.ActiveCfg = Release|x64
		{226DABCD-5B28-4AB3-BA86-C8EDDC91517E}.MinSizeRel|x64.Build.0 = Release|x64
		{226DABCD-5B28-4AB3-BA86-C8EDDC91517E}.Release|x64.ActiveCfg = Release|x64
		{226DABCD-5B28-4AB3-BA86-C8EDDC91517E}.Release|x64.Build.0 = Release|x64
		{226DABCD-5B28-4AB3-BA86-C8EDDC91517E}.RelWithDebInfo|x64.ActiveCfg = Release|x64
		{226DABCD-5B28-4AB3-BA86-C8EDDC91517E}.RelWithDebInfo|x64.Build.0 = Release|x64
		{0B01FF7F-25B3-4A7D-B143-463C256F7E51}.Debug|x64.ActiveCfg = Debug|x64
		{0B01FF7F-25B3-4A7D-B143-463C256F7E51}.Debug|x64.Build.0 = Debug|x64
		{0B01FF7F-25B3-4A7D-B143-463C256F7E51}.MinSizeRel|x64.ActiveCfg = Release|x64
		{0B01FF7F-25B3-4A7D-B143-463C256F7E51}.MinSizeRel|x64.Build.0 = Release|x64
		{0B01FF7F-25B3-4A7D-B143-463C256F7E51}.Release|x64.ActiveCfg = Release|x64
		{0B01FF7F-25B3-4A7D-B143-463C256F7E51}.Release|x64.Build.0 = Release|x64
		{0B01FF7F-25B3-4A7D-B143-463C256F7E51}.RelWithDebInfo|x64.ActiveCfg = Release|x64
		{0B01FF7F-25B3-4A7D-B143-463C256F7E51}.RelWithDebInfo|x64.Build.0 = Release|x64
	EndGlobalSection
	GlobalSection(SolutionProperties) = preSolution
		HideSolutionNode = FALSE
	EndGlobalSection
	GlobalSection(NestedProjects) = preSolution
		{3A968B97-6B3A-4600-BF15-E998E0A73BF9} = {F34BBF56-D821-4755-9865-3279BC97AEEF}
		{B487BFB4-680C-4D9C-B343-506BBE7B2102} = {F34BBF56-D821-4755-9865-3279BC97AEEF}
	EndGlobalSection
	GlobalSection(ExtensibilityGlobals) = postSolution
		SolutionGuid = {6C153CD2-D4E8-4754-A4A6-FCC33B27F289}
	EndGlobalSection
EndGlobal
